
Microsoft Visual Studio Solution File, Format Version 12.00
# Visual Studio 15
VisualStudioVersion = 15.0.28010.2050
MinimumVisualStudioVersion = 10.0.40219.1
Project("{FAE04EC0-301F-11D3-BF4B-00C04F79EFBC}") = "Projeto_Teste", "Projeto_Teste\Projeto_Teste.csproj", "{9CDD3F99-7ED2-4DF1-BB90-28FDFF89D407}"
EndProject
Global
	GlobalSection(SolutionConfigurationPlatforms) = preSolution
		Debug|Any CPU = Debug|Any CPU
		Release|Any CPU = Release|Any CPU
	EndGlobalSection
	GlobalSection(ProjectConfigurationPlatforms) = postSolution
		{9CDD3F99-7ED2-4DF1-BB90-28FDFF89D407}.Debug|Any CPU.ActiveCfg = Debug|Any CPU
		{9CDD3F99-7ED2-4DF1-BB90-28FDFF89D407}.Debug|Any CPU.Build.0 = Debug|Any CPU
		{9CDD3F99-7ED2-4DF1-BB90-28FDFF89D407}.Release|Any CPU.ActiveCfg = Release|Any CPU
		{9CDD3F99-7ED2-4DF1-BB90-28FDFF89D407}.Release|Any CPU.Build.0 = Release|Any CPU
	EndGlobalSection
	GlobalSection(SolutionProperties) = preSolution
		HideSolutionNode = FALSE
	EndGlobalSection
	GlobalSection(ExtensibilityGlobals) = postSolution
		SolutionGuid = {2E0EDB7B-92B7-436F-9E88-7CC3662A18C7}
	EndGlobalSection
EndGlobal
